
Microsoft Visual Studio Solution File, Format Version 12.00
# Visual Studio 15
VisualStudioVersion = 15.0.27703.2035
MinimumVisualStudioVersion = 10.0.40219.1
Project("{F2A71F9B-5D33-465A-A702-920D77279786}") = "ScfProjectMain", "ScfProjectMain\ScfProjectMain.fsproj", "{36CCDC00-63B6-42B6-A51A-DBA496F98E47}"
EndProject
Global
	GlobalSection(SolutionConfigurationPlatforms) = preSolution
		Debug|Any CPU = Debug|Any CPU
		Release|Any CPU = Release|Any CPU
	EndGlobalSection
	GlobalSection(ProjectConfigurationPlatforms) = postSolution
		{36CCDC00-63B6-42B6-A51A-DBA496F98E47}.Debug|Any CPU.ActiveCfg = Debug|Any CPU
		{36CCDC00-63B6-42B6-A51A-DBA496F98E47}.Debug|Any CPU.Build.0 = Debug|Any CPU
		{36CCDC00-63B6-42B6-A51A-DBA496F98E47}.Release|Any CPU.ActiveCfg = Release|Any CPU
		{36CCDC00-63B6-42B6-A51A-DBA496F98E47}.Release|Any CPU.Build.0 = Release|Any CPU
	EndGlobalSection
	GlobalSection(SolutionProperties) = preSolution
		HideSolutionNode = FALSE
	EndGlobalSection
	GlobalSection(ExtensibilityGlobals) = postSolution
		SolutionGuid = {09FF8A1E-9BB5-4E9D-AD45-1480646686C3}
	EndGlobalSection
EndGlobal
